
Microsoft Visual Studio Solution File, Format Version 12.00
# Visual Studio 15
VisualStudioVersion = 15.0.28307.489
MinimumVisualStudioVersion = 10.0.40219.1
Project("{FAE04EC0-301F-11D3-BF4B-00C04F79EFBC}") = "lwrfAPIcore", "lwrfAPIcore\lwrfAPIcore.csproj", "{987E11C4-EF02-4EDC-83BD-18BB1256EC73}"
EndProject
Global
	GlobalSection(SolutionConfigurationPlatforms) = preSolution
		Debug|Any CPU = Debug|Any CPU
		Release|Any CPU = Release|Any CPU
	EndGlobalSection
	GlobalSection(ProjectConfigurationPlatforms) = postSolution
		{987E11C4-EF02-4EDC-83BD-18BB1256EC73}.Debug|Any CPU.ActiveCfg = Debug|Any CPU
		{987E11C4-EF02-4EDC-83BD-18BB1256EC73}.Debug|Any CPU.Build.0 = Debug|Any CPU
		{987E11C4-EF02-4EDC-83BD-18BB1256EC73}.Release|Any CPU.ActiveCfg = Release|Any CPU
		{987E11C4-EF02-4EDC-83BD-18BB1256EC73}.Release|Any CPU.Build.0 = Release|Any CPU
	EndGlobalSection
	GlobalSection(SolutionProperties) = preSolution
		HideSolutionNode = FALSE
	EndGlobalSection
	GlobalSection(ExtensibilityGlobals) = postSolution
		SolutionGuid = {C486978E-15D2-41BB-A94B-7685686106E5}
	EndGlobalSection
EndGlobal
